
Microsoft Visual Studio Solution File, Format Version 12.00
# Visual Studio Version 17
VisualStudioVersion = 17.5.33424.131
MinimumVisualStudioVersion = 10.0.40219.1
Project("{9A19103F-16F7-4668-BE54-9A1E7A4F7556}") = "PassphraseCreator", "PassphraseCreator\PassphraseCreator.csproj", "{0F4C9761-2EF3-4598-810A-13A869E3A4DA}"
EndProject
Project("{FAE04EC0-301F-11D3-BF4B-00C04F79EFBC}") = "PassphraseCreator.Testing", "PassphraseCreator.Testing\PassphraseCreator.Testing.csproj", "{97422E41-6C0C-4781-AB64-EF09F989F201}"
EndProject
Global
	GlobalSection(SolutionConfigurationPlatforms) = preSolution
		Debug|Any CPU = Debug|Any CPU
		Release|Any CPU = Release|Any CPU
	EndGlobalSection
	GlobalSection(ProjectConfigurationPlatforms) = postSolution
		{0F4C9761-2EF3-4598-810A-13A869E3A4DA}.Debug|Any CPU.ActiveCfg = Debug|Any CPU
		{0F4C9761-2EF3-4598-810A-13A869E3A4DA}.Debug|Any CPU.Build.0 = Debug|Any CPU
		{0F4C9761-2EF3-4598-810A-13A869E3A4DA}.Release|Any CPU.ActiveCfg = Release|Any CPU
		{0F4C9761-2EF3-4598-810A-13A869E3A4DA}.Release|Any CPU.Build.0 = Release|Any CPU
		{97422E41-6C0C-4781-AB64-EF09F989F201}.Debug|Any CPU.ActiveCfg = Debug|Any CPU
		{97422E41-6C0C-4781-AB64-EF09F989F201}.Debug|Any CPU.Build.0 = Debug|Any CPU
		{97422E41-6C0C-4781-AB64-EF09F989F201}.Release|Any CPU.ActiveCfg = Release|Any CPU
		{97422E41-6C0C-4781-AB64-EF09F989F201}.Release|Any CPU.Build.0 = Release|Any CPU
	EndGlobalSection
	GlobalSection(SolutionProperties) = preSolution
		HideSolutionNode = FALSE
	EndGlobalSection
	GlobalSection(ExtensibilityGlobals) = postSolution
		SolutionGuid = {E5C64181-7CEF-4F65-B641-EE75704B479A}
	EndGlobalSection
EndGlobal
